// !$*UTF8*$!
{
	archiveVersion = 1;
	classes = {
	};
	objectVersion = 51;
	objects = {

/* Begin PBXBuildFile section */
		33141496256F92CF00398391 /* GameDetailController.swift in Sources */ = {isa = PBXBuildFile; fileRef = 33141495256F92CF00398391 /* GameDetailController.swift */; };
		33306EBB256F1DC9005563A5 /* MyCollectionViewCell.swift in Sources */ = {isa = PBXBuildFile; fileRef = 33306EBA256F1DC9005563A5 /* MyCollectionViewCell.swift */; };
		33306EBE256F2846005563A5 /* kus.png in Resources */ = {isa = PBXBuildFile; fileRef = 33306EBC256F2845005563A5 /* kus.png */; };
		33306EBF256F2846005563A5 /* kalp.png in Resources */ = {isa = PBXBuildFile; fileRef = 33306EBD256F2846005563A5 /* kalp.png */; };
		335F38BB256D951B00371950 /* AppDelegate.swift in Sources */ = {isa = PBXBuildFile; fileRef = 335F38BA256D951B00371950 /* AppDelegate.swift */; };
		335F38BD256D951B00371950 /* SceneDelegate.swift in Sources */ = {isa = PBXBuildFile; fileRef = 335F38BC256D951B00371950 /* SceneDelegate.swift */; };
		335F38BF256D951B00371950 /* Anasayfa.swift in Sources */ = {isa = PBXBuildFile; fileRef = 335F38BE256D951B00371950 /* Anasayfa.swift */; };
		335F38C2256D951B00371950 /* Main.storyboard in Resources */ = {isa = PBXBuildFile; fileRef = 335F38C0256D951B00371950 /* Main.storyboard */; };
		335F38C4256D951E00371950 /* Assets.xcassets in Resources */ = {isa = PBXBuildFile; fileRef = 335F38C3256D951E00371950 /* Assets.xcassets */; };
		335F38C7256D951E00371950 /* LaunchScreen.storyboard in Resources */ = {isa = PBXBuildFile; fileRef = 335F38C5256D951E00371950 /* LaunchScreen.storyboard */; };
		335F38D2256D951E00371950 /* VideoGamesProjeTests.swift in Sources */ = {isa = PBXBuildFile; fileRef = 335F38D1256D951E00371950 /* VideoGamesProjeTests.swift */; };
		335F38DD256D951E00371950 /* VideoGamesProjeUITests.swift in Sources */ = {isa = PBXBuildFile; fileRef = 335F38DC256D951E00371950 /* VideoGamesProjeUITests.swift */; };
		335F38F2256D98E300371950 /* GetGameDetailsSource.swift in Sources */ = {isa = PBXBuildFile; fileRef = 335F38ED256D98E200371950 /* GetGameDetailsSource.swift */; };
		335F38F3256D98E300371950 /* GetGameListInfo.swift in Sources */ = {isa = PBXBuildFile; fileRef = 335F38EE256D98E200371950 /* GetGameListInfo.swift */; };
		335F38F4256D98E300371950 /* GetGameListSource.swift in Sources */ = {isa = PBXBuildFile; fileRef = 335F38EF256D98E200371950 /* GetGameListSource.swift */; };
		335F38F6256D98E300371950 /* getGameDetailsInfo.swift in Sources */ = {isa = PBXBuildFile; fileRef = 335F38F1256D98E300371950 /* getGameDetailsInfo.swift */; };
		33C4A1A6256FC6F000FC48F6 /* FavoriViewCellCollection.swift in Sources */ = {isa = PBXBuildFile; fileRef = 33C4A1A5256FC6F000FC48F6 /* FavoriViewCellCollection.swift */; };
		D0AD8D67FBE68079C0B44611 /* Pods_VideoGamesProjeTests.framework in Frameworks */ = {isa = PBXBuildFile; fileRef = 47403DAF966F957EDA94E7D0 /* Pods_VideoGamesProjeTests.framework */; };
		E610927A9EB043F59D6E7755 /* Pods_VideoGamesProje_VideoGamesProjeUITests.framework in Frameworks */ = {isa = PBXBuildFile; fileRef = A41E36B139EF41926F28653F /* Pods_VideoGamesProje_VideoGamesProjeUITests.framework */; };
		EECE2807CCB0661394263D23 /* Pods_VideoGamesProje.framework in Frameworks */ = {isa = PBXBuildFile; fileRef = 67B73A29A650EA88E65565A9 /* Pods_VideoGamesProje.framework */; };
/* End PBXBuildFile section */

/* Begin PBXContainerItemProxy section */
		335F38CE256D951E00371950 /* PBXContainerItemProxy */ = {
			isa = PBXContainerItemProxy;
			containerPortal = 335F38AF256D951B00371950 /* Project object */;
			proxyType = 1;
			remoteGlobalIDString = 335F38B6256D951B00371950;
			remoteInfo = VideoGamesProje;
		};
		335F38D9256D951E00371950 /* PBXContainerItemProxy */ = {
			isa = PBXContainerItemProxy;
			containerPortal = 335F38AF256D951B00371950 /* Project object */;
			proxyType = 1;
			remoteGlobalIDString = 335F38B6256D951B00371950;
			remoteInfo = VideoGamesProje;
		};
/* End PBXContainerItemProxy section */

/* Begin PBXFileReference section */
		33141495256F92CF00398391 /* GameDetailController.swift */ = {isa = PBXFileReference; lastKnownFileType = sourcecode.swift; path = GameDetailController.swift; sourceTree = "<group>"; };
		33306EBA256F1DC9005563A5 /* MyCollectionViewCell.swift */ = {isa = PBXFileReference; lastKnownFileType = sourcecode.swift; name = MyCollectionViewCell.swift; path = VideoGamesProje/View/MyCollectionViewCell.swift; sourceTree = SOURCE_ROOT; };
		33306EBC256F2845005563A5 /* kus.png */ = {isa = PBXFileReference; lastKnownFileType = image.png; path = kus.png; sourceTree = "<group>"; };
		33306EBD256F2846005563A5 /* kalp.png */ = {isa = PBXFileReference; lastKnownFileType = image.png; path = kalp.png; sourceTree = "<group>"; };
		335F38B7256D951B00371950 /* VideoGamesProje.app */ = {isa = PBXFileReference; explicitFileType = wrapper.application; includeInIndex = 0; path = VideoGamesProje.app; sourceTree = BUILT_PRODUCTS_DIR; };
		335F38BA256D951B00371950 /* AppDelegate.swift */ = {isa = PBXFileReference; lastKnownFileType = sourcecode.swift; path = AppDelegate.swift; sourceTree = "<group>"; };
		335F38BC256D951B00371950 /* SceneDelegate.swift */ = {isa = PBXFileReference; lastKnownFileType = sourcecode.swift; path = SceneDelegate.swift; sourceTree = "<group>"; };
		335F38BE256D951B00371950 /* Anasayfa.swift */ = {isa = PBXFileReference; lastKnownFileType = sourcecode.swift; path = Anasayfa.swift; sourceTree = "<group>"; };
		335F38C1256D951B00371950 /* Base */ = {isa = PBXFileReference; lastKnownFileType = file.storyboard; name = Base; path = Base.lproj/Main.storyboard; sourceTree = "<group>"; };
		335F38C3256D951E00371950 /* Assets.xcassets */ = {isa = PBXFileReference; lastKnownFileType = folder.assetcatalog; path = Assets.xcassets; sourceTree = "<group>"; };
		335F38C6256D951E00371950 /* Base */ = {isa = PBXFileReference; lastKnownFileType = file.storyboard; name = Base; path = Base.lproj/LaunchScreen.storyboard; sourceTree = "<group>"; };
		335F38C8256D951E00371950 /* Info.plist */ = {isa = PBXFileReference; lastKnownFileType = text.plist.xml; path = Info.plist; sourceTree = "<group>"; };
		335F38CD256D951E00371950 /* VideoGamesProjeTests.xctest */ = {isa = PBXFileReference; explicitFileType = wrapper.cfbundle; includeInIndex = 0; path = VideoGamesProjeTests.xctest; sourceTree = BUILT_PRODUCTS_DIR; };
		335F38D1256D951E00371950 /* VideoGamesProjeTests.swift */ = {isa = PBXFileReference; lastKnownFileType = sourcecode.swift; path = VideoGamesProjeTests.swift; sourceTree = "<group>"; };
		335F38D3256D951E00371950 /* Info.plist */ = {isa = PBXFileReference; lastKnownFileType = text.plist.xml; path = Info.plist; sourceTree = "<group>"; };
		335F38D8256D951E00371950 /* VideoGamesProjeUITests.xctest */ = {isa = PBXFileReference; explicitFileType = wrapper.cfbundle; includeInIndex = 0; path = VideoGamesProjeUITests.xctest; sourceTree = BUILT_PRODUCTS_DIR; };
		335F38DC256D951E00371950 /* VideoGamesProjeUITests.swift */ = {isa = PBXFileReference; lastKnownFileType = sourcecode.swift; path = VideoGamesProjeUITests.swift; sourceTree = "<group>"; };
		335F38DE256D951E00371950 /* Info.plist */ = {isa = PBXFileReference; lastKnownFileType = text.plist.xml; path = Info.plist; sourceTree = "<group>"; };
		335F38ED256D98E200371950 /* GetGameDetailsSource.swift */ = {isa = PBXFileReference; fileEncoding = 4; lastKnownFileType = sourcecode.swift; path = GetGameDetailsSource.swift; sourceTree = "<group>"; };
		335F38EE256D98E200371950 /* GetGameListInfo.swift */ = {isa = PBXFileReference; fileEncoding = 4; lastKnownFileType = sourcecode.swift; path = GetGameListInfo.swift; sourceTree = "<group>"; };
		335F38EF256D98E200371950 /* GetGameListSource.swift */ = {isa = PBXFileReference; fileEncoding = 4; lastKnownFileType = sourcecode.swift; path = GetGameListSource.swift; sourceTree = "<group>"; };
		335F38F1256D98E300371950 /* getGameDetailsInfo.swift */ = {isa = PBXFileReference; fileEncoding = 4; lastKnownFileType = sourcecode.swift; path = getGameDetailsInfo.swift; sourceTree = "<group>"; };
		33C4A1A5256FC6F000FC48F6 /* FavoriViewCellCollection.swift */ = {isa = PBXFileReference; lastKnownFileType = sourcecode.swift; name = FavoriViewCellCollection.swift; path = VideoGamesProje/Conrollers/FavoriViewCellCollection.swift; sourceTree = SOURCE_ROOT; };
		37FB5AC8F64B18A142E6980B /* Pods-VideoGamesProje.release.xcconfig */ = {isa = PBXFileReference; includeInIndex = 1; lastKnownFileType = text.xcconfig; name = "Pods-VideoGamesProje.release.xcconfig"; path = "Target Support Files/Pods-VideoGamesProje/Pods-VideoGamesProje.release.xcconfig"; sourceTree = "<group>"; };
		47403DAF966F957EDA94E7D0 /* Pods_VideoGamesProjeTests.framework */ = {isa = PBXFileReference; explicitFileType = wrapper.framework; includeInIndex = 0; path = Pods_VideoGamesProjeTests.framework; sourceTree = BUILT_PRODUCTS_DIR; };
		528BF8C804F844A81B05CA23 /* Pods-VideoGamesProjeTests.debug.xcconfig */ = {isa = PBXFileReference; includeInIndex = 1; lastKnownFileType = text.xcconfig; name = "Pods-VideoGamesProjeTests.debug.xcconfig"; path = "Target Support Files/Pods-VideoGamesProjeTests/Pods-VideoGamesProjeTests.debug.xcconfig"; sourceTree = "<group>"; };
		67B73A29A650EA88E65565A9 /* Pods_VideoGamesProje.framework */ = {isa = PBXFileReference; explicitFileType = wrapper.framework; includeInIndex = 0; path = Pods_VideoGamesProje.framework; sourceTree = BUILT_PRODUCTS_DIR; };
		6AC3D6F8E3A03DCAAD4F8043 /* Pods-VideoGamesProje-VideoGamesProjeUITests.release.xcconfig */ = {isa = PBXFileReference; includeInIndex = 1; lastKnownFileType = text.xcconfig; name = "Pods-VideoGamesProje-VideoGamesProjeUITests.release.xcconfig"; path = "Target Support Files/Pods-VideoGamesProje-VideoGamesProjeUITests/Pods-VideoGamesProje-VideoGamesProjeUITests.release.xcconfig"; sourceTree = "<group>"; };
		86B2C9D50C161CD427E86B70 /* Pods-VideoGamesProje-VideoGamesProjeUITests.debug.xcconfig */ = {isa = PBXFileReference; includeInIndex = 1; lastKnownFileType = text.xcconfig; name = "Pods-VideoGamesProje-VideoGamesProjeUITests.debug.xcconfig"; path = "Target Support Files/Pods-VideoGamesProje-VideoGamesProjeUITests/Pods-VideoGamesProje-VideoGamesProjeUITests.debug.xcconfig"; sourceTree = "<group>"; };
		A41E36B139EF41926F28653F /* Pods_VideoGamesProje_VideoGamesProjeUITests.framework */ = {isa = PBXFileReference; explicitFileType = wrapper.framework; includeInIndex = 0; path = Pods_VideoGamesProje_VideoGamesProjeUITests.framework; sourceTree = BUILT_PRODUCTS_DIR; };
		CA9B263706CCA59A59BE8F56 /* Pods-VideoGamesProjeTests.release.xcconfig */ = {isa = PBXFileReference; includeInIndex = 1; lastKnownFileType = text.xcconfig; name = "Pods-VideoGamesProjeTests.release.xcconfig"; path = "Target Support Files/Pods-VideoGamesProjeTests/Pods-VideoGamesProjeTests.release.xcconfig"; sourceTree = "<group>"; };
		E0DF30544EA466E027F1E2B5 /* Pods-VideoGamesProje.debug.xcconfig */ = {isa = PBXFileReference; includeInIndex = 1; lastKnownFileType = text.xcconfig; name = "Pods-VideoGamesProje.debug.xcconfig"; path = "Target Support Files/Pods-VideoGamesProje/Pods-VideoGamesProje.debug.xcconfig"; sourceTree = "<group>"; };
/* End PBXFileReference section */

/* Begin PBXFrameworksBuildPhase section */
		335F38B4256D951B00371950 /* Frameworks */ = {
			isa = PBXFrameworksBuildPhase;
			buildActionMask = 2147483647;
			files = (
				EECE2807CCB0661394263D23 /* Pods_VideoGamesProje.framework in Frameworks */,
			);
			runOnlyForDeploymentPostprocessing = 0;
		};
		335F38CA256D951E00371950 /* Frameworks */ = {
			isa = PBXFrameworksBuildPhase;
			buildActionMask = 2147483647;
			files = (
				D0AD8D67FBE68079C0B44611 /* Pods_VideoGamesProjeTests.framework in Frameworks */,
			);
			runOnlyForDeploymentPostprocessing = 0;
		};
		335F38D5256D951E00371950 /* Frameworks */ = {
			isa = PBXFrameworksBuildPhase;
			buildActionMask = 2147483647;
			files = (
				E610927A9EB043F59D6E7755 /* Pods_VideoGamesProje_VideoGamesProjeUITests.framework in Frameworks */,
			);
			runOnlyForDeploymentPostprocessing = 0;
		};
/* End PBXFrameworksBuildPhase section */

/* Begin PBXGroup section */
		335F38AE256D951B00371950 = {
			isa = PBXGroup;
			children = (
				335F38B9256D951B00371950 /* VideoGamesProje */,
				335F38D0256D951E00371950 /* VideoGamesProjeTests */,
				335F38DB256D951E00371950 /* VideoGamesProjeUITests */,
				335F38B8256D951B00371950 /* Products */,
				DE6685396FB79BCC5EEBC49D /* Pods */,
				5DA78FD9E7CCCBA6C4E8DDC5 /* Frameworks */,
			);
			sourceTree = "<group>";
		};
		335F38B8256D951B00371950 /* Products */ = {
			isa = PBXGroup;
			children = (
				335F38B7256D951B00371950 /* VideoGamesProje.app */,
				335F38CD256D951E00371950 /* VideoGamesProjeTests.xctest */,
				335F38D8256D951E00371950 /* VideoGamesProjeUITests.xctest */,
			);
			name = Products;
			sourceTree = "<group>";
		};
		335F38B9256D951B00371950 /* VideoGamesProje */ = {
			isa = PBXGroup;
			children = (
				33306EBD256F2846005563A5 /* kalp.png */,
				33306EBC256F2845005563A5 /* kus.png */,
				335F38EC256D98B200371950 /* Conrollers */,
				335F38EB256D98A700371950 /* View */,
				335F38EA256D989700371950 /* Modal */,
				335F38BA256D951B00371950 /* AppDelegate.swift */,
				335F38BC256D951B00371950 /* SceneDelegate.swift */,
				335F38C0256D951B00371950 /* Main.storyboard */,
				335F38C3256D951E00371950 /* Assets.xcassets */,
				335F38C5256D951E00371950 /* LaunchScreen.storyboard */,
				335F38C8256D951E00371950 /* Info.plist */,
			);
			path = VideoGamesProje;
			sourceTree = "<group>";
		};
		335F38D0256D951E00371950 /* VideoGamesProjeTests */ = {
			isa = PBXGroup;
			children = (
				335F38D1256D951E00371950 /* VideoGamesProjeTests.swift */,
				335F38D3256D951E00371950 /* Info.plist */,
			);
			path = VideoGamesProjeTests;
			sourceTree = "<group>";
		};
		335F38DB256D951E00371950 /* VideoGamesProjeUITests */ = {
			isa = PBXGroup;
			children = (
				335F38DC256D951E00371950 /* VideoGamesProjeUITests.swift */,
				335F38DE256D951E00371950 /* Info.plist */,
			);
			path = VideoGamesProjeUITests;
			sourceTree = "<group>";
		};
		335F38EA256D989700371950 /* Modal */ = {
			isa = PBXGroup;
			children = (
				335F38F1256D98E300371950 /* getGameDetailsInfo.swift */,
				335F38ED256D98E200371950 /* GetGameDetailsSource.swift */,
				335F38EE256D98E200371950 /* GetGameListInfo.swift */,
				335F38EF256D98E200371950 /* GetGameListSource.swift */,
			);
			path = Modal;
			sourceTree = "<group>";
		};
		335F38EB256D98A700371950 /* View */ = {
			isa = PBXGroup;
			children = (
				33306EBA256F1DC9005563A5 /* MyCollectionViewCell.swift */,
				33C4A1A5256FC6F000FC48F6 /* FavoriViewCellCollection.swift */,
			);
			name = View;
			path = "vİEW";
			sourceTree = "<group>";
		};
		335F38EC256D98B200371950 /* Conrollers */ = {
			isa = PBXGroup;
			children = (
				335F38BE256D951B00371950 /* Anasayfa.swift */,
				33141495256F92CF00398391 /* GameDetailController.swift */,
			);
			path = Conrollers;
			sourceTree = "<group>";
		};
		5DA78FD9E7CCCBA6C4E8DDC5 /* Frameworks */ = {
			isa = PBXGroup;
			children = (
				67B73A29A650EA88E65565A9 /* Pods_VideoGamesProje.framework */,
				A41E36B139EF41926F28653F /* Pods_VideoGamesProje_VideoGamesProjeUITests.framework */,
				47403DAF966F957EDA94E7D0 /* Pods_VideoGamesProjeTests.framework */,
			);
			name = Frameworks;
			sourceTree = "<group>";
		};
		DE6685396FB79BCC5EEBC49D /* Pods */ = {
			isa = PBXGroup;
			children = (
				E0DF30544EA466E027F1E2B5 /* Pods-VideoGamesProje.debug.xcconfig */,
				37FB5AC8F64B18A142E6980B /* Pods-VideoGamesProje.release.xcconfig */,
				86B2C9D50C161CD427E86B70 /* Pods-VideoGamesProje-VideoGamesProjeUITests.debug.xcconfig */,
				6AC3D6F8E3A03DCAAD4F8043 /* Pods-VideoGamesProje-VideoGamesProjeUITests.release.xcconfig */,
				528BF8C804F844A81B05CA23 /* Pods-VideoGamesProjeTests.debug.xcconfig */,
				CA9B263706CCA59A59BE8F56 /* Pods-VideoGamesProjeTests.release.xcconfig */,
			);
			path = Pods;
			sourceTree = "<group>";
		};
/* End PBXGroup section */

/* Begin PBXNativeTarget section */
		335F38B6256D951B00371950 /* VideoGamesProje */ = {
			isa = PBXNativeTarget;
			buildConfigurationList = 335F38E1256D951E00371950 /* Build configuration list for PBXNativeTarget "VideoGamesProje" */;
			buildPhases = (
				46A42615380A40B14A7619F0 /* [CP] Check Pods Manifest.lock */,
				335F38B3256D951B00371950 /* Sources */,
				335F38B4256D951B00371950 /* Frameworks */,
				335F38B5256D951B00371950 /* Resources */,
				54DDF6116E5368705DE5873E /* [CP] Embed Pods Frameworks */,
			);
			buildRules = (
			);
			dependencies = (
			);
			name = VideoGamesProje;
			productName = VideoGamesProje;
			productReference = 335F38B7256D951B00371950 /* VideoGamesProje.app */;
			productType = "com.apple.product-type.application";
		};
		335F38CC256D951E00371950 /* VideoGamesProjeTests */ = {
			isa = PBXNativeTarget;
			buildConfigurationList = 335F38E4256D951E00371950 /* Build configuration list for PBXNativeTarget "VideoGamesProjeTests" */;
			buildPhases = (
				8DCB89674FA7EA536E172BEF /* [CP] Check Pods Manifest.lock */,
				335F38C9256D951E00371950 /* Sources */,
				335F38CA256D951E00371950 /* Frameworks */,
				335F38CB256D951E00371950 /* Resources */,
			);
			buildRules = (
			);
			dependencies = (
				335F38CF256D951E00371950 /* PBXTargetDependency */,
			);
			name = VideoGamesProjeTests;
			productName = VideoGamesProjeTests;
			productReference = 335F38CD256D951E00371950 /* VideoGamesProjeTests.xctest */;
			productType = "com.apple.product-type.bundle.unit-test";
		};
		335F38D7256D951E00371950 /* VideoGamesProjeUITests */ = {
			isa = PBXNativeTarget;
			buildConfigurationList = 335F38E7256D951E00371950 /* Build configuration list for PBXNativeTarget "VideoGamesProjeUITests" */;
			buildPhases = (
				4E46E61E8859B044D03CF760 /* [CP] Check Pods Manifest.lock */,
				335F38D4256D951E00371950 /* Sources */,
				335F38D5256D951E00371950 /* Frameworks */,
				335F38D6256D951E00371950 /* Resources */,
				230C34D75F9CCB93441DC3D1 /* [CP] Embed Pods Frameworks */,
			);
			buildRules = (
			);
			dependencies = (
				335F38DA256D951E00371950 /* PBXTargetDependency */,
			);
			name = VideoGamesProjeUITests;
			productName = VideoGamesProjeUITests;
			productReference = 335F38D8256D951E00371950 /* VideoGamesProjeUITests.xctest */;
			productType = "com.apple.product-type.bundle.ui-testing";
		};
/* End PBXNativeTarget section */

/* Begin PBXProject section */
		335F38AF256D951B00371950 /* Project object */ = {
			isa = PBXProject;
			attributes = {
				LastSwiftUpdateCheck = 1170;
				LastUpgradeCheck = 1170;
				ORGANIZATIONNAME = "Mansur Emin  Kaya";
				TargetAttributes = {
					335F38B6256D951B00371950 = {
						CreatedOnToolsVersion = 11.7;
					};
					335F38CC256D951E00371950 = {
						CreatedOnToolsVersion = 11.7;
						TestTargetID = 335F38B6256D951B00371950;
					};
					335F38D7256D951E00371950 = {
						CreatedOnToolsVersion = 11.7;
						TestTargetID = 335F38B6256D951B00371950;
					};
				};
			};
			buildConfigurationList = 335F38B2256D951B00371950 /* Build configuration list for PBXProject "VideoGamesProje" */;
			compatibilityVersion = "Xcode 9.3";
			developmentRegion = en;
			hasScannedForEncodings = 0;
			knownRegions = (
				en,
				Base,
			);
			mainGroup = 335F38AE256D951B00371950;
			productRefGroup = 335F38B8256D951B00371950 /* Products */;
			projectDirPath = "";
			projectRoot = "";
			targets = (
				335F38B6256D951B00371950 /* VideoGamesProje */,
				335F38CC256D951E00371950 /* VideoGamesProjeTests */,
				335F38D7256D951E00371950 /* VideoGamesProjeUITests */,
			);
		};
/* End PBXProject section */

/* Begin PBXResourcesBuildPhase section */
		335F38B5256D951B00371950 /* Resources */ = {
			isa = PBXResourcesBuildPhase;
			buildActionMask = 2147483647;
			files = (
				335F38C7256D951E00371950 /* LaunchScreen.storyboard in Resources */,
				33306EBF256F2846005563A5 /* kalp.png in Resources */,
				33306EBE256F2846005563A5 /* kus.png in Resources */,
				335F38C4256D951E00371950 /* Assets.xcassets in Resources */,
				335F38C2256D951B00371950 /* Main.storyboard in Resources */,
			);
			runOnlyForDeploymentPostprocessing = 0;
		};
		335F38CB256D951E00371950 /* Resources */ = {
			isa = PBXResourcesBuildPhase;
			buildActionMask = 2147483647;
			files = (
			);
			runOnlyForDeploymentPostprocessing = 0;
		};
		335F38D6256D951E00371950 /* Resources */ = {
			isa = PBXResourcesBuildPhase;
			buildActionMask = 2147483647;
			files = (
			);
			runOnlyForDeploymentPostprocessing = 0;
		};
/* End PBXResourcesBuildPhase section */

/* Begin PBXShellScriptBuildPhase section */
		230C34D75F9CCB93441DC3D1 /* [CP] Embed Pods Frameworks */ = {
			isa = PBXShellScriptBuildPhase;
			buildActionMask = 2147483647;
			files = (
			);
			inputFileListPaths = (
				"${PODS_ROOT}/Target Support Files/Pods-VideoGamesProje-VideoGamesProjeUITests/Pods-VideoGamesProje-VideoGamesProjeUITests-frameworks-${CONFIGURATION}-input-files.xcfilelist",
			);
			name = "[CP] Embed Pods Frameworks";
			outputFileListPaths = (
				"${PODS_ROOT}/Target Support Files/Pods-VideoGamesProje-VideoGamesProjeUITests/Pods-VideoGamesProje-VideoGamesProjeUITests-frameworks-${CONFIGURATION}-output-files.xcfilelist",
			);
			runOnlyForDeploymentPostprocessing = 0;
			shellPath = /bin/sh;
			shellScript = "\"${PODS_ROOT}/Target Support Files/Pods-VideoGamesProje-VideoGamesProjeUITests/Pods-VideoGamesProje-VideoGamesProjeUITests-frameworks.sh\"\n";
			showEnvVarsInLog = 0;
		};
		46A42615380A40B14A7619F0 /* [CP] Check Pods Manifest.lock */ = {
			isa = PBXShellScriptBuildPhase;
			buildActionMask = 2147483647;
			files = (
			);
			inputFileListPaths = (
			);
			inputPaths = (
				"${PODS_PODFILE_DIR_PATH}/Podfile.lock",
				"${PODS_ROOT}/Manifest.lock",
			);
			name = "[CP] Check Pods Manifest.lock";
			outputFileListPaths = (
			);
			outputPaths = (
				"$(DERIVED_FILE_DIR)/Pods-VideoGamesProje-checkManifestLockResult.txt",
			);
			runOnlyForDeploymentPostprocessing = 0;
			shellPath = /bin/sh;
			shellScript = "diff \"${PODS_PODFILE_DIR_PATH}/Podfile.lock\" \"${PODS_ROOT}/Manifest.lock\" > /dev/null\nif [ $? != 0 ] ; then\n    # print error to STDERR\n    echo \"error: The sandbox is not in sync with the Podfile.lock. Run 'pod install' or update your CocoaPods installation.\" >&2\n    exit 1\nfi\n# This output is used by Xcode 'outputs' to avoid re-running this script phase.\necho \"SUCCESS\" > \"${SCRIPT_OUTPUT_FILE_0}\"\n";
			showEnvVarsInLog = 0;
		};
		4E46E61E8859B044D03CF760 /* [CP] Check Pods Manifest.lock */ = {
			isa = PBXShellScriptBuildPhase;
			buildActionMask = 2147483647;
			files = (
			);
			inputFileListPaths = (
			);
			inputPaths = (
				"${PODS_PODFILE_DIR_PATH}/Podfile.lock",
				"${PODS_ROOT}/Manifest.lock",
			);
			name = "[CP] Check Pods Manifest.lock";
			outputFileListPaths = (
			);
			outputPaths = (
				"$(DERIVED_FILE_DIR)/Pods-VideoGamesProje-VideoGamesProjeUITests-checkManifestLockResult.txt",
			);
			runOnlyForDeploymentPostprocessing = 0;
			shellPath = /bin/sh;
			shellScript = "diff \"${PODS_PODFILE_DIR_PATH}/Podfile.lock\" \"${PODS_ROOT}/Manifest.lock\" > /dev/null\nif [ $? != 0 ] ; then\n    # print error to STDERR\n    echo \"error: The sandbox is not in sync with the Podfile.lock. Run 'pod install' or update your CocoaPods installation.\" >&2\n    exit 1\nfi\n# This output is used by Xcode 'outputs' to avoid re-running this script phase.\necho \"SUCCESS\" > \"${SCRIPT_OUTPUT_FILE_0}\"\n";
			showEnvVarsInLog = 0;
		};
		54DDF6116E5368705DE5873E /* [CP] Embed Pods Frameworks */ = {
			isa = PBXShellScriptBuildPhase;
			buildActionMask = 2147483647;
			files = (
			);
			inputFileListPaths = (
				"${PODS_ROOT}/Target Support Files/Pods-VideoGamesProje/Pods-VideoGamesProje-frameworks-${CONFIGURATION}-input-files.xcfilelist",
			);
			name = "[CP] Embed Pods Frameworks";
			outputFileListPaths = (
				"${PODS_ROOT}/Target Support Files/Pods-VideoGamesProje/Pods-VideoGamesProje-frameworks-${CONFIGURATION}-output-files.xcfilelist",
			);
			runOnlyForDeploymentPostprocessing = 0;
			shellPath = /bin/sh;
			shellScript = "\"${PODS_ROOT}/Target Support Files/Pods-VideoGamesProje/Pods-VideoGamesProje-frameworks.sh\"\n";
			showEnvVarsInLog = 0;
		};
		8DCB89674FA7EA536E172BEF /* [CP] Check Pods Manifest.lock */ = {
			isa = PBXShellScriptBuildPhase;
			buildActionMask = 2147483647;
			files = (
			);
			inputFileListPaths = (
			);
			inputPaths = (
				"${PODS_PODFILE_DIR_PATH}/Podfile.lock",
				"${PODS_ROOT}/Manifest.lock",
			);
			name = "[CP] Check Pods Manifest.lock";
			outputFileListPaths = (
			);
			outputPaths = (
				"$(DERIVED_FILE_DIR)/Pods-VideoGamesProjeTests-checkManifestLockResult.txt",
			);
			runOnlyForDeploymentPostprocessing = 0;
			shellPath = /bin/sh;
			shellScript = "diff \"${PODS_PODFILE_DIR_PATH}/Podfile.lock\" \"${PODS_ROOT}/Manifest.lock\" > /dev/null\nif [ $? != 0 ] ; then\n    # print error to STDERR\n    echo \"error: The sandbox is not in sync with the Podfile.lock. Run 'pod install' or update your CocoaPods installation.\" >&2\n    exit 1\nfi\n# This output is used by Xcode 'outputs' to avoid re-running this script phase.\necho \"SUCCESS\" > \"${SCRIPT_OUTPUT_FILE_0}\"\n";
			showEnvVarsInLog = 0;
		};
/* End PBXShellScriptBuildPhase section */

/* Begin PBXSourcesBuildPhase section */
		335F38B3256D951B00371950 /* Sources */ = {
			isa = PBXSourcesBuildPhase;
			buildActionMask = 2147483647;
			files = (
				335F38BF256D951B00371950 /* Anasayfa.swift in Sources */,
				335F38F4256D98E300371950 /* GetGameListSource.swift in Sources */,
				33141496256F92CF00398391 /* GameDetailController.swift in Sources */,
				33306EBB256F1DC9005563A5 /* MyCollectionViewCell.swift in Sources */,
				335F38BB256D951B00371950 /* AppDelegate.swift in Sources */,
				33C4A1A6256FC6F000FC48F6 /* FavoriViewCellCollection.swift in Sources */,
				335F38F2256D98E300371950 /* GetGameDetailsSource.swift in Sources */,
				335F38F3256D98E300371950 /* GetGameListInfo.swift in Sources */,
				335F38BD256D951B00371950 /* SceneDelegate.swift in Sources */,
				335F38F6256D98E300371950 /* getGameDetailsInfo.swift in Sources */,
			);
			runOnlyForDeploymentPostprocessing = 0;
		};
		335F38C9256D951E00371950 /* Sources */ = {
			isa = PBXSourcesBuildPhase;
			buildActionMask = 2147483647;
			files = (
				335F38D2256D951E00371950 /* VideoGamesProjeTests.swift in Sources */,
			);
			runOnlyForDeploymentPostprocessing = 0;
		};
		335F38D4256D951E00371950 /* Sources */ = {
			isa = PBXSourcesBuildPhase;
			buildActionMask = 2147483647;
			files = (
				335F38DD256D951E00371950 /* VideoGamesProjeUITests.swift in Sources */,
			);
			runOnlyForDeploymentPostprocessing = 0;
		};
/* End PBXSourcesBuildPhase section */

/* Begin PBXTargetDependency section */
		335F38CF256D951E00371950 /* PBXTargetDependency */ = {
			isa = PBXTargetDependency;
			target = 335F38B6256D951B00371950 /* VideoGamesProje */;
			targetProxy = 335F38CE256D951E00371950 /* PBXContainerItemProxy */;
		};
		335F38DA256D951E00371950 /* PBXTargetDependency */ = {
			isa = PBXTargetDependency;
			target = 335F38B6256D951B00371950 /* VideoGamesProje */;
			targetProxy = 335F38D9256D951E00371950 /* PBXContainerItemProxy */;
		};
/* End PBXTargetDependency section */

/* Begin PBXVariantGroup section */
		335F38C0256D951B00371950 /* Main.storyboard */ = {
			isa = PBXVariantGroup;
			children = (
				335F38C1256D951B00371950 /* Base */,
			);
			name = Main.storyboard;
			sourceTree = "<group>";
		};
		335F38C5256D951E00371950 /* LaunchScreen.storyboard */ = {
			isa = PBXVariantGroup;
			children = (
				335F38C6256D951E00371950 /* Base */,
			);
			name = LaunchScreen.storyboard;
			sourceTree = "<group>";
		};
/* End PBXVariantGroup section */

/* Begin XCBuildConfiguration section */
		335F38DF256D951E00371950 /* Debug */ = {
			isa = XCBuildConfiguration;
			buildSettings = {
				ALWAYS_SEARCH_USER_PATHS = NO;
				CLANG_ANALYZER_NONNULL = YES;
				CLANG_ANALYZER_NUMBER_OBJECT_CONVERSION = YES_AGGRESSIVE;
				CLANG_CXX_LANGUAGE_STANDARD = "gnu++14";
				CLANG_CXX_LIBRARY = "libc++";
				CLANG_ENABLE_MODULES = YES;
				CLANG_ENABLE_OBJC_ARC = YES;
				CLANG_ENABLE_OBJC_WEAK = YES;
				CLANG_WARN_BLOCK_CAPTURE_AUTORELEASING = YES;
				CLANG_WARN_BOOL_CONVERSION = YES;
				CLANG_WARN_COMMA = YES;
				CLANG_WARN_CONSTANT_CONVERSION = YES;
				CLANG_WARN_DEPRECATED_OBJC_IMPLEMENTATIONS = YES;
				CLANG_WARN_DIRECT_OBJC_ISA_USAGE = YES_ERROR;
				CLANG_WARN_DOCUMENTATION_COMMENTS = YES;
				CLANG_WARN_EMPTY_BODY = YES;
				CLANG_WARN_ENUM_CONVERSION = YES;
				CLANG_WARN_INFINITE_RECURSION = YES;
				CLANG_WARN_INT_CONVERSION = YES;
				CLANG_WARN_NON_LITERAL_NULL_CONVERSION = YES;
				CLANG_WARN_OBJC_IMPLICIT_RETAIN_SELF = YES;
				CLANG_WARN_OBJC_LITERAL_CONVERSION = YES;
				CLANG_WARN_OBJC_ROOT_CLASS = YES_ERROR;
				CLANG_WARN_RANGE_LOOP_ANALYSIS = YES;
				CLANG_WARN_STRICT_PROTOTYPES = YES;
				CLANG_WARN_SUSPICIOUS_MOVE = YES;
				CLANG_WARN_UNGUARDED_AVAILABILITY = YES_AGGRESSIVE;
				CLANG_WARN_UNREACHABLE_CODE = YES;
				CLANG_WARN__DUPLICATE_METHOD_MATCH = YES;
				COPY_PHASE_STRIP = NO;
				DEBUG_INFORMATION_FORMAT = dwarf;
				ENABLE_STRICT_OBJC_MSGSEND = YES;
				ENABLE_TESTABILITY = YES;
				GCC_C_LANGUAGE_STANDARD = gnu11;
				GCC_DYNAMIC_NO_PIC = NO;
				GCC_NO_COMMON_BLOCKS = YES;
				GCC_OPTIMIZATION_LEVEL = 0;
				GCC_PREPROCESSOR_DEFINITIONS = (
					"DEBUG=1",
					"$(inherited)",
				);
				GCC_WARN_64_TO_32_BIT_CONVERSION = YES;
				GCC_WARN_ABOUT_RETURN_TYPE = YES_ERROR;
				GCC_WARN_UNDECLARED_SELECTOR = YES;
				GCC_WARN_UNINITIALIZED_AUTOS = YES_AGGRESSIVE;
				GCC_WARN_UNUSED_FUNCTION = YES;
				GCC_WARN_UNUSED_VARIABLE = YES;
				IPHONEOS_DEPLOYMENT_TARGET = 13.7;
				MTL_ENABLE_DEBUG_INFO = INCLUDE_SOURCE;
				MTL_FAST_MATH = YES;
				ONLY_ACTIVE_ARCH = YES;
				SDKROOT = iphoneos;
				SWIFT_ACTIVE_COMPILATION_CONDITIONS = DEBUG;
				SWIFT_OPTIMIZATION_LEVEL = "-Onone";
			};
			name = Debug;
		};
		335F38E0256D951E00371950 /* Release */ = {
			isa = XCBuildConfiguration;
			buildSettings = {
				ALWAYS_SEARCH_USER_PATHS = NO;
				CLANG_ANALYZER_NONNULL = YES;
				CLANG_ANALYZER_NUMBER_OBJECT_CONVERSION = YES_AGGRESSIVE;
				CLANG_CXX_LANGUAGE_STANDARD = "gnu++14";
				CLANG_CXX_LIBRARY = "libc++";
				CLANG_ENABLE_MODULES = YES;
				CLANG_ENABLE_OBJC_ARC = YES;
				CLANG_ENABLE_OBJC_WEAK = YES;
				CLANG_WARN_BLOCK_CAPTURE_AUTORELEASING = YES;
				CLANG_WARN_BOOL_CONVERSION = YES;
				CLANG_WARN_COMMA = YES;
				CLANG_WARN_CONSTANT_CONVERSION = YES;
				CLANG_WARN_DEPRECATED_OBJC_IMPLEMENTATIONS = YES;
				CLANG_WARN_DIRECT_OBJC_ISA_USAGE = YES_ERROR;
				CLANG_WARN_DOCUMENTATION_COMMENTS = YES;
				CLANG_WARN_EMPTY_BODY = YES;
				CLANG_WARN_ENUM_CONVERSION = YES;
				CLANG_WARN_INFINITE_RECURSION = YES;
				CLANG_WARN_INT_CONVERSION = YES;
				CLANG_WARN_NON_LITERAL_NULL_CONVERSION = YES;
				CLANG_WARN_OBJC_IMPLICIT_RETAIN_SELF = YES;
				CLANG_WARN_OBJC_LITERAL_CONVERSION = YES;
				CLANG_WARN_OBJC_ROOT_CLASS = YES_ERROR;
				CLANG_WARN_RANGE_LOOP_ANALYSIS = YES;
				CLANG_WARN_STRICT_PROTOTYPES = YES;
				CLANG_WARN_SUSPICIOUS_MOVE = YES;
				CLANG_WARN_UNGUARDED_AVAILABILITY = YES_AGGRESSIVE;
				CLANG_WARN_UNREACHABLE_CODE = YES;
				CLANG_WARN__DUPLICATE_METHOD_MATCH = YES;
				COPY_PHASE_STRIP = NO;
				DEBUG_INFORMATION_FORMAT = "dwarf-with-dsym";
				ENABLE_NS_ASSERTIONS = NO;
				ENABLE_STRICT_OBJC_MSGSEND = YES;
				GCC_C_LANGUAGE_STANDARD = gnu11;
				GCC_NO_COMMON_BLOCKS = YES;
				GCC_WARN_64_TO_32_BIT_CONVERSION = YES;
				GCC_WARN_ABOUT_RETURN_TYPE = YES_ERROR;
				GCC_WARN_UNDECLARED_SELECTOR = YES;
				GCC_WARN_UNINITIALIZED_AUTOS = YES_AGGRESSIVE;
				GCC_WARN_UNUSED_FUNCTION = YES;
				GCC_WARN_UNUSED_VARIABLE = YES;
				IPHONEOS_DEPLOYMENT_TARGET = 13.7;
				MTL_ENABLE_DEBUG_INFO = NO;
				MTL_FAST_MATH = YES;
				SDKROOT = iphoneos;
				SWIFT_COMPILATION_MODE = wholemodule;
				SWIFT_OPTIMIZATION_LEVEL = "-O";
				VALIDATE_PRODUCT = YES;
			};
			name = Release;
		};
		335F38E2256D951E00371950 /* Debug */ = {
			isa = XCBuildConfiguration;
			baseConfigurationReference = E0DF30544EA466E027F1E2B5 /* Pods-VideoGamesProje.debug.xcconfig */;
			buildSettings = {
				ASSETCATALOG_COMPILER_APPICON_NAME = AppIcon;
				CODE_SIGN_STYLE = Automatic;
				DEVELOPMENT_TEAM = 29W9YP3G8N;
				INFOPLIST_FILE = VideoGamesProje/Info.plist;
				LD_RUNPATH_SEARCH_PATHS = (
					"$(inherited)",
					"@executable_path/Frameworks",
				);
				PRODUCT_BUNDLE_IDENTIFIER = com.VideoGamesProje;
				PRODUCT_NAME = "$(TARGET_NAME)";
				SWIFT_VERSION = 5.0;
				TARGETED_DEVICE_FAMILY = "1,2";
			};
			name = Debug;
		};
		335F38E3256D951E00371950 /* Release */ = {
			isa = XCBuildConfiguration;
			baseConfigurationReference = 37FB5AC8F64B18A142E6980B /* Pods-VideoGamesProje.release.xcconfig */;
			buildSettings = {
				ASSETCATALOG_COMPILER_APPICON_NAME = AppIcon;
				CODE_SIGN_STYLE = Automatic;
				DEVELOPMENT_TEAM = 29W9YP3G8N;
				INFOPLIST_FILE = VideoGamesProje/Info.plist;
				LD_RUNPATH_SEARCH_PATHS = (
					"$(inherited)",
					"@executable_path/Frameworks",
				);
				PRODUCT_BUNDLE_IDENTIFIER = com.VideoGamesProje;
				PRODUCT_NAME = "$(TARGET_NAME)";
				SWIFT_VERSION = 5.0;
				TARGETED_DEVICE_FAMILY = "1,2";
			};
			name = Release;
		};
		335F38E5256D951E00371950 /* Debug */ = {
			isa = XCBuildConfiguration;
			baseConfigurationReference = 528BF8C804F844A81B05CA23 /* Pods-VideoGamesProjeTests.debug.xcconfig */;
			buildSettings = {
				ALWAYS_EMBED_SWIFT_STANDARD_LIBRARIES = YES;
				BUNDLE_LOADER = "$(TEST_HOST)";
				CODE_SIGN_STYLE = Automatic;
				DEVELOPMENT_TEAM = 29W9YP3G8N;
				INFOPLIST_FILE = VideoGamesProjeTests/Info.plist;
				IPHONEOS_DEPLOYMENT_TARGET = 13.7;
				LD_RUNPATH_SEARCH_PATHS = (
					"$(inherited)",
					"@executable_path/Frameworks",
					"@loader_path/Frameworks",
				);
				PRODUCT_BUNDLE_IDENTIFIER = com.VideoGamesProjeTests;
				PRODUCT_NAME = "$(TARGET_NAME)";
				SWIFT_VERSION = 5.0;
				TARGETED_DEVICE_FAMILY = "1,2";
				TEST_HOST = "$(BUILT_PRODUCTS_DIR)/VideoGamesProje.app/VideoGamesProje";
			};
			name = Debug;
		};
		335F38E6256D951E00371950 /* Release */ = {
			isa = XCBuildConfiguration;
			baseConfigurationReference = CA9B263706CCA59A59BE8F56 /* Pods-VideoGamesProjeTests.release.xcconfig */;
			buildSettings = {
				ALWAYS_EMBED_SWIFT_STANDARD_LIBRARIES = YES;
				BUNDLE_LOADER = "$(TEST_HOST)";
				CODE_SIGN_STYLE = Automatic;
				DEVELOPMENT_TEAM = 29W9YP3G8N;
				INFOPLIST_FILE = VideoGamesProjeTests/Info.plist;
				IPHONEOS_DEPLOYMENT_TARGET = 13.7;
				LD_RUNPATH_SEARCH_PATHS = (
					"$(inherited)",
					"@executable_path/Frameworks",
					"@loader_path/Frameworks",
				);
				PRODUCT_BUNDLE_IDENTIFIER = com.VideoGamesProjeTests;
				PRODUCT_NAME = "$(TARGET_NAME)";
				SWIFT_VERSION = 5.0;
				TARGETED_DEVICE_FAMILY = "1,2";
				TEST_HOST = "$(BUILT_PRODUCTS_DIR)/VideoGamesProje.app/VideoGamesProje";
			};
			name = Release;
		};
		335F38E8256D951E00371950 /* Debug */ = {
			isa = XCBuildConfiguration;
			baseConfigurationReference = 86B2C9D50C161CD427E86B70 /* Pods-VideoGamesProje-VideoGamesProjeUITests.debug.xcconfig */;
			buildSettings = {
				ALWAYS_EMBED_SWIFT_STANDARD_LIBRARIES = YES;
				CODE_SIGN_STYLE = Automatic;
				DEVELOPMENT_TEAM = 29W9YP3G8N;
				INFOPLIST_FILE = VideoGamesProjeUITests/Info.plist;
				LD_RUNPATH_SEARCH_PATHS = (
					"$(inherited)",
					"@executable_path/Frameworks",
					"@loader_path/Frameworks",
				);
				PRODUCT_BUNDLE_IDENTIFIER = com.VideoGamesProjeUITests;
				PRODUCT_NAME = "$(TARGET_NAME)";
				SWIFT_VERSION = 5.0;
				TARGETED_DEVICE_FAMILY = "1,2";
				TEST_TARGET_NAME = VideoGamesProje;
			};
			name = Debug;
		};
		335F38E9256D951E00371950 /* Release */ = {
			isa = XCBuildConfiguration;
			baseConfigurationReference = 6AC3D6F8E3A03DCAAD4F8043 /* Pods-VideoGamesProje-VideoGamesProjeUITests.release.xcconfig */;
			buildSettings = {
				ALWAYS_EMBED_SWIFT_STANDARD_LIBRARIES = YES;
				CODE_SIGN_STYLE = Automatic;
				DEVELOPMENT_TEAM = 29W9YP3G8N;
				INFOPLIST_FILE = VideoGamesProjeUITests/Info.plist;
				LD_RUNPATH_SEARCH_PATHS = (
					"$(inherited)",
					"@executable_path/Frameworks",
					"@loader_path/Frameworks",
				);
				PRODUCT_BUNDLE_IDENTIFIER = com.VideoGamesProjeUITests;
				PRODUCT_NAME = "$(TARGET_NAME)";
				SWIFT_VERSION = 5.0;
				TARGETED_DEVICE_FAMILY = "1,2";
				TEST_TARGET_NAME = VideoGamesProje;
			};
			name = Release;
		};
/* End XCBuildConfiguration section */

/* Begin XCConfigurationList section */
		335F38B2256D951B00371950 /* Build configuration list for PBXProject "VideoGamesProje" */ = {
			isa = XCConfigurationList;
			buildConfigurations = (
				335F38DF256D951E00371950 /* Debug */,
				335F38E0256D951E00371950 /* Release */,
			);
			defaultConfigurationIsVisible = 0;
			defaultConfigurationName = Release;
		};
		335F38E1256D951E00371950 /* Build configuration list for PBXNativeTarget "VideoGamesProje" */ = {
			isa = XCConfigurationList;
			buildConfigurations = (
				335F38E2256D951E00371950 /* Debug */,
				335F38E3256D951E00371950 /* Release */,
			);
			defaultConfigurationIsVisible = 0;
			defaultConfigurationName = Release;
		};
		335F38E4256D951E00371950 /* Build configuration list for PBXNativeTarget "VideoGamesProjeTests" */ = {
			isa = XCConfigurationList;
			buildConfigurations = (
				335F38E5256D951E00371950 /* Debug */,
				335F38E6256D951E00371950 /* Release */,
			);
			defaultConfigurationIsVisible = 0;
			defaultConfigurationName = Release;
		};
		335F38E7256D951E00371950 /* Build configuration list for PBXNativeTarget "VideoGamesProjeUITests" */ = {
			isa = XCConfigurationList;
			buildConfigurations = (
				335F38E8256D951E00371950 /* Debug */,
				335F38E9256D951E00371950 /* Release */,
			);
			defaultConfigurationIsVisible = 0;
			defaultConfigurationName = Release;
		};
/* End XCConfigurationList section */
	};
	rootObject = 335F38AF256D951B00371950 /* Project object */;
}
